<Solution>
  <Configurations>
    <Platform Name="Any CPU" />
    <Platform Name="x64" />
    <Platform Name="x86" />
  </Configurations>
  <Project Path="AktieKoll.Tests/AktieKoll.Tests.csproj" />
  <Project Path="AktieKoll/AktieKoll.csproj" />
  <Project Path="FetchTrades/FetchTrades.csproj" />
</Solution>
