
Microsoft Visual Studio Solution File, Format Version 12.00
# Visual Studio Version 17
VisualStudioVersion = 17.0.31903.59
MinimumVisualStudioVersion = 10.0.40219.1
Project("{FAE04EC0-301F-11D3-BF4B-00C04F79EFBC}") = "AktieKoll", "AktieKoll\AktieKoll.csproj", "{6846D224-EAEE-4595-8C3E-506C35B2E151}"
EndProject
Project("{FAE04EC0-301F-11D3-BF4B-00C04F79EFBC}") = "AktieKoll.Tests", "AktieKoll.Tests\AktieKoll.Tests.csproj", "{F932D97C-D2FF-4D5C-931B-7600E23E9346}"
EndProject
Project("{FAE04EC0-301F-11D3-BF4B-00C04F79EFBC}") = "FetchTrades", "FetchTrades\FetchTrades.csproj", "{1C46DA8B-B02B-43F9-98D2-2310AFF47644}"
EndProject
Global
	GlobalSection(SolutionConfigurationPlatforms) = preSolution
		Debug|Any CPU = Debug|Any CPU
		Debug|x64 = Debug|x64
		Debug|x86 = Debug|x86
		Release|Any CPU = Release|Any CPU
		Release|x64 = Release|x64
		Release|x86 = Release|x86
	EndGlobalSection
	GlobalSection(ProjectConfigurationPlatforms) = postSolution
		{6846D224-EAEE-4595-8C3E-506C35B2E151}.Debug|Any CPU.ActiveCfg = Debug|Any CPU
		{6846D224-EAEE-4595-8C3E-506C35B2E151}.Debug|Any CPU.Build.0 = Debug|Any CPU
		{6846D224-EAEE-4595-8C3E-506C35B2E151}.Debug|x64.ActiveCfg = Debug|Any CPU
		{6846D224-EAEE-4595-8C3E-506C35B2E151}.Debug|x64.Build.0 = Debug|Any CPU
		{6846D224-EAEE-4595-8C3E-506C35B2E151}.Debug|x86.ActiveCfg = Debug|Any CPU
		{6846D224-EAEE-4595-8C3E-506C35B2E151}.Debug|x86.Build.0 = Debug|Any CPU
		{6846D224-EAEE-4595-8C3E-506C35B2E151}.Release|Any CPU.ActiveCfg = Release|Any CPU
		{6846D224-EAEE-4595-8C3E-506C35B2E151}.Release|Any CPU.Build.0 = Release|Any CPU
		{6846D224-EAEE-4595-8C3E-506C35B2E151}.Release|x64.ActiveCfg = Release|Any CPU
		{6846D224-EAEE-4595-8C3E-506C35B2E151}.Release|x64.Build.0 = Release|Any CPU
		{6846D224-EAEE-4595-8C3E-506C35B2E151}.Release|x86.ActiveCfg = Release|Any CPU
		{6846D224-EAEE-4595-8C3E-506C35B2E151}.Release|x86.Build.0 = Release|Any CPU
		{F932D97C-D2FF-4D5C-931B-7600E23E9346}.Debug|Any CPU.ActiveCfg = Debug|Any CPU
		{F932D97C-D2FF-4D5C-931B-7600E23E9346}.Debug|Any CPU.Build.0 = Debug|Any CPU
		{F932D97C-D2FF-4D5C-931B-7600E23E9346}.Debug|x64.ActiveCfg = Debug|Any CPU
		{F932D97C-D2FF-4D5C-931B-7600E23E9346}.Debug|x64.Build.0 = Debug|Any CPU
		{F932D97C-D2FF-4D5C-931B-7600E23E9346}.Debug|x86.ActiveCfg = Debug|Any CPU
		{F932D97C-D2FF-4D5C-931B-7600E23E9346}.Debug|x86.Build.0 = Debug|Any CPU
		{F932D97C-D2FF-4D5C-931B-7600E23E9346}.Release|Any CPU.ActiveCfg = Release|Any CPU
		{F932D97C-D2FF-4D5C-931B-7600E23E9346}.Release|Any CPU.Build.0 = Release|Any CPU
		{F932D97C-D2FF-4D5C-931B-7600E23E9346}.Release|x64.ActiveCfg = Release|Any CPU
		{F932D97C-D2FF-4D5C-931B-7600E23E9346}.Release|x64.Build.0 = Release|Any CPU
		{F932D97C-D2FF-4D5C-931B-7600E23E9346}.Release|x86.ActiveCfg = Release|Any CPU
		{F932D97C-D2FF-4D5C-931B-7600E23E9346}.Release|x86.Build.0 = Release|Any CPU
		{1C46DA8B-B02B-43F9-98D2-2310AFF47644}.Debug|Any CPU.ActiveCfg = Debug|Any CPU
		{1C46DA8B-B02B-43F9-98D2-2310AFF47644}.Debug|Any CPU.Build.0 = Debug|Any CPU
		{1C46DA8B-B02B-43F9-98D2-2310AFF47644}.Debug|x64.ActiveCfg = Debug|Any CPU
		{1C46DA8B-B02B-43F9-98D2-2310AFF47644}.Debug|x64.Build.0 = Debug|Any CPU
		{1C46DA8B-B02B-43F9-98D2-2310AFF47644}.Debug|x86.ActiveCfg = Debug|Any CPU
		{1C46DA8B-B02B-43F9-98D2-2310AFF47644}.Debug|x86.Build.0 = Debug|Any CPU
		{1C46DA8B-B02B-43F9-98D2-2310AFF47644}.Release|Any CPU.ActiveCfg = Release|Any CPU
		{1C46DA8B-B02B-43F9-98D2-2310AFF47644}.Release|Any CPU.Build.0 = Release|Any CPU
		{1C46DA8B-B02B-43F9-98D2-2310AFF47644}.Release|x64.ActiveCfg = Release|Any CPU
		{1C46DA8B-B02B-43F9-98D2-2310AFF47644}.Release|x64.Build.0 = Release|Any CPU
		{1C46DA8B-B02B-43F9-98D2-2310AFF47644}.Release|x86.ActiveCfg = Release|Any CPU
		{1C46DA8B-B02B-43F9-98D2-2310AFF47644}.Release|x86.Build.0 = Release|Any CPU
	EndGlobalSection
	GlobalSection(SolutionProperties) = preSolution
		HideSolutionNode = FALSE
	EndGlobalSection
EndGlobal
